
Microsoft Visual Studio Solution File, Format Version 12.00
# Visual Studio Version 17
VisualStudioVersion = 17.6.33829.357
MinimumVisualStudioVersion = 10.0.40219.1
Project("{FAE04EC0-301F-11D3-BF4B-00C04F79EFBC}") = "RabbitTest.Producer", "RabbitTest.Producer\RabbitTest.Producer.csproj", "{77A0C0B6-7ECD-4C05-839A-66FB2753F497}"
EndProject
Project("{FAE04EC0-301F-11D3-BF4B-00C04F79EFBC}") = "RabbitTest", "RabbitTest\RabbitTest.csproj", "{518D8D76-99B0-44BE-BE7B-6C3B7F8450B2}"
EndProject
Project("{FAE04EC0-301F-11D3-BF4B-00C04F79EFBC}") = "RabbitTest.Consumer", "RabbitTest.Consumer\RabbitTest.Consumer.csproj", "{71A03F00-BA35-442B-B2B5-035443A38C48}"
EndProject
Project("{E53339B2-1760-4266-BCC7-CA923CBCF16C}") = "docker-compose", "docker-compose.dcproj", "{97F104E2-43C1-438A-B928-2DF702B9F877}"
EndProject
Global
	GlobalSection(SolutionConfigurationPlatforms) = preSolution
		Debug|Any CPU = Debug|Any CPU
		Release|Any CPU = Release|Any CPU
	EndGlobalSection
	GlobalSection(ProjectConfigurationPlatforms) = postSolution
		{77A0C0B6-7ECD-4C05-839A-66FB2753F497}.Debug|Any CPU.ActiveCfg = Debug|Any CPU
		{77A0C0B6-7ECD-4C05-839A-66FB2753F497}.Debug|Any CPU.Build.0 = Debug|Any CPU
		{77A0C0B6-7ECD-4C05-839A-66FB2753F497}.Release|Any CPU.ActiveCfg = Release|Any CPU
		{77A0C0B6-7ECD-4C05-839A-66FB2753F497}.Release|Any CPU.Build.0 = Release|Any CPU
		{518D8D76-99B0-44BE-BE7B-6C3B7F8450B2}.Debug|Any CPU.ActiveCfg = Debug|Any CPU
		{518D8D76-99B0-44BE-BE7B-6C3B7F8450B2}.Debug|Any CPU.Build.0 = Debug|Any CPU
		{518D8D76-99B0-44BE-BE7B-6C3B7F8450B2}.Release|Any CPU.ActiveCfg = Release|Any CPU
		{518D8D76-99B0-44BE-BE7B-6C3B7F8450B2}.Release|Any CPU.Build.0 = Release|Any CPU
		{71A03F00-BA35-442B-B2B5-035443A38C48}.Debug|Any CPU.ActiveCfg = Debug|Any CPU
		{71A03F00-BA35-442B-B2B5-035443A38C48}.Debug|Any CPU.Build.0 = Debug|Any CPU
		{71A03F00-BA35-442B-B2B5-035443A38C48}.Release|Any CPU.ActiveCfg = Release|Any CPU
		{71A03F00-BA35-442B-B2B5-035443A38C48}.Release|Any CPU.Build.0 = Release|Any CPU
		{97F104E2-43C1-438A-B928-2DF702B9F877}.Debug|Any CPU.ActiveCfg = Debug|Any CPU
		{97F104E2-43C1-438A-B928-2DF702B9F877}.Debug|Any CPU.Build.0 = Debug|Any CPU
		{97F104E2-43C1-438A-B928-2DF702B9F877}.Release|Any CPU.ActiveCfg = Release|Any CPU
		{97F104E2-43C1-438A-B928-2DF702B9F877}.Release|Any CPU.Build.0 = Release|Any CPU
	EndGlobalSection
	GlobalSection(SolutionProperties) = preSolution
		HideSolutionNode = FALSE
	EndGlobalSection
	GlobalSection(ExtensibilityGlobals) = postSolution
		SolutionGuid = {DCDA256C-D02A-4643-89F8-56F20EA6E4A0}
	EndGlobalSection
EndGlobal
